github.com/ksi2021/greet v0.0.0-20230216124835-3c44ec59cb6f h1:PJpZfZe8UfkyHn2N2Xi8c6+gc1WrHneMVz92ZLg3Rb4=
github.com/ksi2021/greet v0.0.0-20230216124835-3c44ec59cb6f/go.mod h1:UAs5U5aku+eJLY9Lfk4n4x98Jfd6amvjJH0EsUaJU2I=
github.com/ksi2021/greetV2 v0.0.0-20230216124835-3c44ec59cb6f h1:hxpmCcdBqYNt7vXq7hnrDkwTzlbJxSX81kDSULkjqvk=
github.com/ksi2021/greetV2 v0.0.0-20230216124835-3c44ec59cb6f/go.mod h1:66VfLbZ8T5N4A2GHBUJpo/4EDq+IeD/McPAOWSUa4C8=
